
Microsoft Visual Studio Solution File, Format Version 12.00
# Visual Studio Version 16
VisualStudioVersion = 16.0.31702.278
MinimumVisualStudioVersion = 10.0.40219.1
Project("{FAE04EC0-301F-11D3-BF4B-00C04F79EFBC}") = "WebAPIFicheros", "WebAPIFicheros.csproj", "{94C76A49-57AF-437B-A8A5-AC8082512044}"
EndProject
Global
	GlobalSection(SolutionConfigurationPlatforms) = preSolution
		Debug|Any CPU = Debug|Any CPU
		Release|Any CPU = Release|Any CPU
	EndGlobalSection
	GlobalSection(ProjectConfigurationPlatforms) = postSolution
		{94C76A49-57AF-437B-A8A5-AC8082512044}.Debug|Any CPU.ActiveCfg = Debug|Any CPU
		{94C76A49-57AF-437B-A8A5-AC8082512044}.Debug|Any CPU.Build.0 = Debug|Any CPU
		{94C76A49-57AF-437B-A8A5-AC8082512044}.Release|Any CPU.ActiveCfg = Release|Any CPU
		{94C76A49-57AF-437B-A8A5-AC8082512044}.Release|Any CPU.Build.0 = Release|Any CPU
	EndGlobalSection
	GlobalSection(SolutionProperties) = preSolution
		HideSolutionNode = FALSE
	EndGlobalSection
	GlobalSection(ExtensibilityGlobals) = postSolution
		SolutionGuid = {A0CE566B-3300-4E7E-A30D-B2AE81D589CD}
	EndGlobalSection
EndGlobal
